# THIS IS AN AUTOGENERATED FILE. DO NOT EDIT THIS FILE DIRECTLY.
# yarn lockfile v1


"@next/env@13.0.1-canary.4":
  version "13.0.1-canary.4"
  resolved "https://registry.yarnpkg.com/@next/env/-/env-13.0.1-canary.4.tgz#ba3bc6a103ca2d350a1e9eac45ea765b4df8412f"
  integrity sha512-rqooO4YrdJ7HYyNR3HTa+ep4lOWg5ee2/i3WRecduWQfyk1OFVpXD67S0gE0/REvVWmowpj9dJPjaOuyJFmjHw==

"@next/swc-android-arm-eabi@13.0.1-canary.4":
  version "13.0.1-canary.4"
  resolved "https://registry.yarnpkg.com/@next/swc-android-arm-eabi/-/swc-android-arm-eabi-13.0.1-canary.4.tgz#0ddf12954f3ea586e28dbb09405f633026d06ed3"
  integrity sha512-gpn3hFfafj4DntSoMxsOouSfeMt1IqRii3ZjA9eegF2fXgurrnLnKRahbFbYRnmMQPXPOLORIoiXIwxOtpmS1Q==

"@next/swc-android-arm64@13.0.1-canary.4":
  version "13.0.1-canary.4"
  resolved "https://registry.yarnpkg.com/@next/swc-android-arm64/-/swc-android-arm64-13.0.1-canary.4.tgz#9a0b3c08cafd2412e8bef86bd4be45528fae26a1"
  integrity sha512-o1pAcRISJaO3ybdvf+gpFJaCzXwJmShHofHVLg8HLI4BujO1abpxdooOkNU6A++PmWMeJWHIj1sFYBCn6D8txA==

"@next/swc-darwin-arm64@13.0.1-canary.4":
  version "13.0.1-canary.4"
  resolved "https://registry.yarnpkg.com/@next/swc-darwin-arm64/-/swc-darwin-arm64-13.0.1-canary.4.tgz#cc6d6f3cb0fd09f9ae8fd92a44755c331002befa"
  integrity sha512-bvuk3tfetS8F5pLvuOYu9OJIwoowjCEeyPRnFiyDMIuR7EBHEHW5bOEEjrEXEphEttalv5YVNG0V69d/kbvYLA==

"@next/swc-darwin-x64@13.0.1-canary.4":
  version "13.0.1-canary.4"
  resolved "https://registry.yarnpkg.com/@next/swc-darwin-x64/-/swc-darwin-x64-13.0.1-canary.4.tgz#b39bcea279560d91f60b104bbf9046e094666d8d"
  integrity sha512-4zETOWQYyCECZHiF/hMvAD1O4jaonBmsyvn5z2mgeAHD00BhPsRazIOYPnzbkTwd0IAM508P2SveJehHkiigMw==

"@next/swc-freebsd-x64@13.0.1-canary.4":
  version "13.0.1-canary.4"
  resolved "https://registry.yarnpkg.com/@next/swc-freebsd-x64/-/swc-freebsd-x64-13.0.1-canary.4.tgz#73bfc9c50120b80c36149f6e85daf48236b0561c"
  integrity sha512-1iKiWKJyqu4A00a+zocpRIPJ/AFcj0WxESjY8fa9kxEIxxzyKI8Jgx6tX5s4D1ZMJmj4CCKh0Lpoz7+DW41IVw==

"@next/swc-linux-arm-gnueabihf@13.0.1-canary.4":
  version "13.0.1-canary.4"
  resolved "https://registry.yarnpkg.com/@next/swc-linux-arm-gnueabihf/-/swc-linux-arm-gnueabihf-13.0.1-canary.4.tgz#a73bf0e5abe016417c69c97f566b430bda487fda"
  integrity sha512-ugm4Wm3nTRIjwZTgdree69YImJha7hNiBz2o1llq5B7z87nlrYi60bm8FtC1zA8NGCdM+h8ARvCzPrblXh8hZg==

"@next/swc-linux-arm64-gnu@13.0.1-canary.4":
  version "13.0.1-canary.4"
  resolved "https://registry.yarnpkg.com/@next/swc-linux-arm64-gnu/-/swc-linux-arm64-gnu-13.0.1-canary.4.tgz#93f86909d129362de571fc53d8f44a5e5c52bead"
  integrity sha512-f/uyKN7Sw9NYt3HcIEQgQBr+QICJ+TqK5VWSYtCekn7pP+9wwVwGYaQdg7vrsdR56VeYlZicyS75Ie58QmJD8A==

"@next/swc-linux-arm64-musl@13.0.1-canary.4":
  version "13.0.1-canary.4"
  resolved "https://registry.yarnpkg.com/@next/swc-linux-arm64-musl/-/swc-linux-arm64-musl-13.0.1-canary.4.tgz#48f903c2e05385cbdcba08e8cc9033159decd73a"
  integrity sha512-ONVZA3C4Zv5acQoZZnqWDls/6RagbR6yqqDKO4eX41srjrZN5zrtXTNgEDqKFlJy1DngY+RJEvAOxsbi2wVdYw==

"@next/swc-linux-x64-gnu@13.0.1-canary.4":
  version "13.0.1-canary.4"
  resolved "https://registry.yarnpkg.com/@next/swc-linux-x64-gnu/-/swc-linux-x64-gnu-13.0.1-canary.4.tgz#8b1d59d943e4b2507b7d4c495a454a4439655399"
  integrity sha512-deExkoSS2GEzHaZKHUssIKiEHgs95MX3/vutqpn02Mu+E8tnjwU5ykYNgI9+OdocCBBmczY80R07JSNntY3ZAg==

"@next/swc-linux-x64-musl@13.0.1-canary.4":
  version "13.0.1-canary.4"
  resolved "https://registry.yarnpkg.com/@next/swc-linux-x64-musl/-/swc-linux-x64-musl-13.0.1-canary.4.tgz#52d7c12ecafe1d612460772887d8317afc554b05"
  integrity sha512-PTEutnbguA+N/6KDf3YgXu4tTREBhjueMtPl+bu/Qw/n9Kp6ZU6cpXrIVAcz7HY6w6YDvWVXCrtdbTvJhFCffQ==

"@next/swc-win32-arm64-msvc@13.0.1-canary.4":
  version "13.0.1-canary.4"
  resolved "https://registry.yarnpkg.com/@next/swc-win32-arm64-msvc/-/swc-win32-arm64-msvc-13.0.1-canary.4.tgz#c315312ae4ab93c556892319d3407d4d8b0ee9c4"
  integrity sha512-sFbjsPCBGu5xPtuk0DOb/TaDl4zk5wOuRJUP1SF5Lo+PcXv1LZMj5oShBwIWlOuyqFC+YxZPO6DT4Pc17CrItA==

"@next/swc-win32-ia32-msvc@13.0.1-canary.4":
  version "13.0.1-canary.4"
  resolved "https://registry.yarnpkg.com/@next/swc-win32-ia32-msvc/-/swc-win32-ia32-msvc-13.0.1-canary.4.tgz#ddaffc612394c52ca662461050c80e207b93e0ed"
  integrity sha512-Z309FoEl+MLO5NTy/zodnn5cfiQSvBlSyraLsv3gL0Y4VH8bp1LSpgwaBdUJopFl4Al/CnG9BGU0sb7rfxfDRQ==

"@next/swc-win32-x64-msvc@13.0.1-canary.4":
  version "13.0.1-canary.4"
  resolved "https://registry.yarnpkg.com/@next/swc-win32-x64-msvc/-/swc-win32-x64-msvc-13.0.1-canary.4.tgz#c23f4c0a6b5da51284f2a3763761eb85bef25375"
  integrity sha512-MlCUqSF35m7GjX/siWoG1S6gMA8jSbg5f+K07xEQUpSaclEl2mrKOKjC7mBHfGnvOtf2NXSFnsAG/0f//D8Naw==

"@swc/helpers@0.4.11":
  version "0.4.11"
  resolved "https://registry.yarnpkg.com/@swc/helpers/-/helpers-0.4.11.tgz#db23a376761b3d31c26502122f349a21b592c8de"
  integrity sha512-rEUrBSGIoSFuYxwBYtlUFMlE2CwGhmW+w9355/5oduSw8e5h2+Tj4UrAGNNgP9915++wj5vkQo0UuOBqOAq4nw==
  dependencies:
    tslib "^2.4.0"

"@types/node@^18.0.0":
  version "18.11.9"
  resolved "https://registry.yarnpkg.com/@types/node/-/node-18.11.9.tgz#02d013de7058cea16d36168ef2fc653464cfbad4"
  integrity sha512-CRpX21/kGdzjOpFsZSkcrXMGIBWMGNIHXXBVFSH+ggkftxg+XYP20TESbh+zFvFj3EQOl5byk0HTRn1IL6hbqg==

"@types/prop-types@*":
  version "15.7.5"
  resolved "https://registry.yarnpkg.com/@types/prop-types/-/prop-types-15.7.5.tgz#5f19d2b85a98e9558036f6a3cacc8819420f05cf"
  integrity sha512-JCB8C6SnDoQf0cNycqd/35A7MjcnK+ZTqE7judS6o7utxUCg6imJg3QK2qzHKszlTjcj2cn+NwMB2i96ubpj7w==

"@types/react@^18.0.14":
  version "18.0.24"
  resolved "https://registry.yarnpkg.com/@types/react/-/react-18.0.24.tgz#2f79ed5b27f08d05107aab45c17919754cc44c20"
  integrity sha512-wRJWT6ouziGUy+9uX0aW4YOJxAY0bG6/AOk5AW5QSvZqI7dk6VBIbXvcVgIw/W5Jrl24f77df98GEKTJGOLx7Q==
  dependencies:
    "@types/prop-types" "*"
    "@types/scheduler" "*"
    csstype "^3.0.2"

"@types/scheduler@*":
  version "0.16.2"
  resolved "https://registry.yarnpkg.com/@types/scheduler/-/scheduler-0.16.2.tgz#1a62f89525723dde24ba1b01b092bf5df8ad4d39"
  integrity sha512-hppQEBDmlwhFAXKJX2KnWLYu5yMfi91yazPb2l+lbJiwW+wdo1gNeRA+3RgNSO39WYX2euey41KEwnqesU2Jew==

caniuse-lite@^1.0.30001406:
  version "1.0.30001429"
  resolved "https://registry.yarnpkg.com/caniuse-lite/-/caniuse-lite-1.0.30001429.tgz#70cdae959096756a85713b36dd9cb82e62325639"
  integrity sha512-511ThLu1hF+5RRRt0zYCf2U2yRr9GPF6m5y90SBCWsvSoYoW7yAGlv/elyPaNfvGCkp6kj/KFZWU0BMA69Prsg==

client-only@0.0.1:
  version "0.0.1"
  resolved "https://registry.yarnpkg.com/client-only/-/client-only-0.0.1.tgz#38bba5d403c41ab150bff64a95c85013cf73bca1"
  integrity sha512-IV3Ou0jSMzZrd3pZ48nLkT9DA7Ag1pnPzaiQhpW7c3RbcqqzvzzVu+L8gfqMp/8IM2MQtSiqaCxrrcfu8I8rMA==

csstype@^3.0.2:
  version "3.1.1"
  resolved "https://registry.yarnpkg.com/csstype/-/csstype-3.1.1.tgz#841b532c45c758ee546a11d5bd7b7b473c8c30b9"
  integrity sha512-DJR/VvkAvSZW9bTouZue2sSxDwdTN92uHjqeKVm+0dAqdfNykRzQ95tay8aXMBAAPpUiq4Qcug2L7neoRh2Egw==

enhanced-resolve@^5.10.0:
  version "5.10.0"
  resolved "https://registry.yarnpkg.com/enhanced-resolve/-/enhanced-resolve-5.10.0.tgz#0dc579c3bb2a1032e357ac45b8f3a6f3ad4fb1e6"
  integrity sha512-T0yTFjdpldGY8PmuXXR0PyQ1ufZpEGiHVrp7zHKB7jdR4qlmZHhONVM5AQOAWXuF/w3dnHbEQVrNptJgt7F+cQ==
  dependencies:
    graceful-fs "^4.2.4"
    tapable "^2.2.0"

escalade@^3.1.1:
  version "3.1.1"
  resolved "https://registry.yarnpkg.com/escalade/-/escalade-3.1.1.tgz#d8cfdc7000965c5a0174b4a82eaa5c0552742e40"
  integrity sha512-k0er2gUkLf8O0zKJiAhmkTnJlTvINGv7ygDNPbeIsX/TJjGJZHuh9B2UxbsaEkmlEo9MfhrSzmhIlhRlI2GXnw==

graceful-fs@^4.2.4:
  version "4.2.10"
  resolved "https://registry.yarnpkg.com/graceful-fs/-/graceful-fs-4.2.10.tgz#147d3a006da4ca3ce14728c7aefc287c367d7a6c"
  integrity sha512-9ByhssR2fPVsNZj478qUUbKfmL0+t5BDVyjShtyZZLiK7ZDAArFFfopyOTj0M05wE2tJPisA4iTnnXl2YoPvOA==

"js-tokens@^3.0.0 || ^4.0.0":
  version "4.0.0"
  resolved "https://registry.yarnpkg.com/js-tokens/-/js-tokens-4.0.0.tgz#19203fb59991df98e3a287050d4647cdeaf32499"
  integrity sha512-RdJUflcE3cUzKiMqQgsCu06FPu9UdIJO0beYbPhHN4k6apgJtifcoCtT9bcxOpYBtpD2kCM6Sbzg4CausW/PKQ==

lodash@^4.17.21:
  version "4.17.21"
  resolved "https://registry.yarnpkg.com/lodash/-/lodash-4.17.21.tgz#679591c564c3bffaae8454cf0b3df370c3d6911c"
  integrity sha512-v2kDEe57lecTulaDIuNTPy3Ry4gLGJ6Z1O3vE1krgXZNrsQ+LFTGHVxVjcXPs17LhbZVGedAJv8XZ1tvj5FvSg==

loose-envify@^1.1.0:
  version "1.4.0"
  resolved "https://registry.yarnpkg.com/loose-envify/-/loose-envify-1.4.0.tgz#71ee51fa7be4caec1a63839f7e682d8132d30caf"
  integrity sha512-lyuxPGr/Wfhrlem2CL/UcnUc1zcqKAImBDzukY7Y5F/yQiNdko6+fRLevlw1HgMySw7f611UIY408EtxRSoK3Q==
  dependencies:
    js-tokens "^3.0.0 || ^4.0.0"

nanoid@^3.3.4:
  version "3.3.4"
  resolved "https://registry.yarnpkg.com/nanoid/-/nanoid-3.3.4.tgz#730b67e3cd09e2deacf03c027c81c9d9dbc5e8ab"
  integrity sha512-MqBkQh/OHTS2egovRtLk45wEyNXwF+cokD+1YPf9u5VfJiRdAiRwB2froX5Co9Rh20xs4siNPm8naNotSD6RBw==

next-transpile-modules@^9.1.0:
  version "9.1.0"
  resolved "https://registry.yarnpkg.com/next-transpile-modules/-/next-transpile-modules-9.1.0.tgz#dffd2563bf76f8afdb28f0611948f46252ca65ef"
  integrity sha512-yzJji65xDqcIqjvx5vPJcs1M+MYQTzLM1pXH/qf8Q88ohx+bwVGDc1AeV+HKr1NwvMCNTpwVPSFI7cA5WdyeWA==
  dependencies:
    enhanced-resolve "^5.10.0"
    escalade "^3.1.1"

next@canary:
  version "13.0.1-canary.4"
  resolved "https://registry.yarnpkg.com/next/-/next-13.0.1-canary.4.tgz#001629dda8ff03a34eed2aec0091a76d8659544c"
  integrity sha512-pPfXL/lfR6Pk/hOCS/xJQhHiRYGNwhPriETFYJEbJeG2tk21U0t2mxCv8sPr7HtHzeOYV6c6LuKb0iBj/uwVcg==
  dependencies:
    "@next/env" "13.0.1-canary.4"
    "@swc/helpers" "0.4.11"
    caniuse-lite "^1.0.30001406"
    postcss "8.4.14"
    styled-jsx "5.1.0"
    use-sync-external-store "1.2.0"
  optionalDependencies:
    "@next/swc-android-arm-eabi" "13.0.1-canary.4"
    "@next/swc-android-arm64" "13.0.1-canary.4"
    "@next/swc-darwin-arm64" "13.0.1-canary.4"
    "@next/swc-darwin-x64" "13.0.1-canary.4"
    "@next/swc-freebsd-x64" "13.0.1-canary.4"
    "@next/swc-linux-arm-gnueabihf" "13.0.1-canary.4"
    "@next/swc-linux-arm64-gnu" "13.0.1-canary.4"
    "@next/swc-linux-arm64-musl" "13.0.1-canary.4"
    "@next/swc-linux-x64-gnu" "13.0.1-canary.4"
    "@next/swc-linux-x64-musl" "13.0.1-canary.4"
    "@next/swc-win32-arm64-msvc" "13.0.1-canary.4"
    "@next/swc-win32-ia32-msvc" "13.0.1-canary.4"
    "@next/swc-win32-x64-msvc" "13.0.1-canary.4"

picocolors@^1.0.0:
  version "1.0.0"
  resolved "https://registry.yarnpkg.com/picocolors/-/picocolors-1.0.0.tgz#cb5bdc74ff3f51892236eaf79d68bc44564ab81c"
  integrity sha512-1fygroTLlHu66zi26VoTDv8yRgm0Fccecssto+MhsZ0D/DGW2sm8E8AjW7NU5VVTRt5GxbeZ5qBuJr+HyLYkjQ==

postcss@8.4.14:
  version "8.4.14"
  resolved "https://registry.yarnpkg.com/postcss/-/postcss-8.4.14.tgz#ee9274d5622b4858c1007a74d76e42e56fd21caf"
  integrity sha512-E398TUmfAYFPBSdzgeieK2Y1+1cpdxJx8yXbK/m57nRhKSmk1GB2tO4lbLBtlkfPQTDKfe4Xqv1ASWPpayPEig==
  dependencies:
    nanoid "^3.3.4"
    picocolors "^1.0.0"
    source-map-js "^1.0.2"

react-dom@^18.2.0:
  version "18.2.0"
  resolved "https://registry.yarnpkg.com/react-dom/-/react-dom-18.2.0.tgz#22aaf38708db2674ed9ada224ca4aa708d821e3d"
  integrity sha512-6IMTriUmvsjHUjNtEDudZfuDQUoWXVxKHhlEGSk81n4YFS+r/Kl99wXiwlVXtPBtJenozv2P+hxDsw9eA7Xo6g==
  dependencies:
    loose-envify "^1.1.0"
    scheduler "^0.23.0"

react@^18.2.0:
  version "18.2.0"
  resolved "https://registry.yarnpkg.com/react/-/react-18.2.0.tgz#555bd98592883255fa00de14f1151a917b5d77d5"
  integrity sha512-/3IjMdb2L9QbBdWiW5e3P2/npwMBaU9mHCSCUzNln0ZCYbcfTsGbTJrU/kGemdH2IWmB2ioZ+zkxtmq6g09fGQ==
  dependencies:
    loose-envify "^1.1.0"

scheduler@^0.23.0:
  version "0.23.0"
  resolved "https://registry.yarnpkg.com/scheduler/-/scheduler-0.23.0.tgz#ba8041afc3d30eb206a487b6b384002e4e61fdfe"
  integrity sha512-CtuThmgHNg7zIZWAXi3AsyIzA3n4xx7aNyjwC2VJldO2LMVDhFK+63xGqq6CsJH4rTAt6/M+N4GhZiDYPx9eUw==
  dependencies:
    loose-envify "^1.1.0"

source-map-js@^1.0.2:
  version "1.0.2"
  resolved "https://registry.yarnpkg.com/source-map-js/-/source-map-js-1.0.2.tgz#adbc361d9c62df380125e7f161f71c826f1e490c"
  integrity sha512-R0XvVJ9WusLiqTCEiGCmICCMplcCkIwwR11mOSD9CR5u+IXYdiseeEuXCVAjS54zqwkLcPNnmU4OeJ6tUrWhDw==

styled-jsx@5.1.0:
  version "5.1.0"
  resolved "https://registry.yarnpkg.com/styled-jsx/-/styled-jsx-5.1.0.tgz#4a5622ab9714bd3fcfaeec292aa555871f057563"
  integrity sha512-/iHaRJt9U7T+5tp6TRelLnqBqiaIT0HsO0+vgyj8hK2KUk7aejFqRrumqPUlAqDwAj8IbS/1hk3IhBAAK/FCUQ==
  dependencies:
    client-only "0.0.1"

tapable@^2.2.0:
  version "2.2.1"
  resolved "https://registry.yarnpkg.com/tapable/-/tapable-2.2.1.tgz#1967a73ef4060a82f12ab96af86d52fdb76eeca0"
  integrity sha512-GNzQvQTOIP6RyTfE2Qxb8ZVlNmw0n88vp1szwWRimP02mnTsx3Wtn5qRdqY9w2XduFNUgvOwhNnQsjwCp+kqaQ==

tslib@^2.4.0:
  version "2.4.1"
  resolved "https://registry.yarnpkg.com/tslib/-/tslib-2.4.1.tgz#0d0bfbaac2880b91e22df0768e55be9753a5b17e"
  integrity sha512-tGyy4dAjRIEwI7BzsB0lynWgOpfqjUdq91XXAlIWD2OwKBH7oCl/GZG/HT4BOHrTlPMOASlMQ7veyTqpmRcrNA==

typescript@^4.7.4:
  version "4.8.4"
  resolved "https://registry.yarnpkg.com/typescript/-/typescript-4.8.4.tgz#c464abca159669597be5f96b8943500b238e60e6"
  integrity sha512-QCh+85mCy+h0IGff8r5XWzOVSbBO+KfeYrMQh7NJ58QujwcE22u+NUSmUxqF+un70P9GXKxa2HCNiTTMJknyjQ==

use-sync-external-store@1.2.0:
  version "1.2.0"
  resolved "https://registry.yarnpkg.com/use-sync-external-store/-/use-sync-external-store-1.2.0.tgz#7dbefd6ef3fe4e767a0cf5d7287aacfb5846928a"
  integrity sha512-eEgnFxGQ1Ife9bzYs6VLi8/4X6CObHMw9Qr9tPY43iKwsPw8xE8+EFsf/2cFZ5S3esXgpWgtSCtLNS41F+sKPA==
